
Microsoft Visual Studio Solution File, Format Version 12.00
# Visual Studio Version 18
VisualStudioVersion = 18.0.11222.15
MinimumVisualStudioVersion = 10.0.40219.1
Project("{FAE04EC0-301F-11D3-BF4B-00C04F79EFBC}") = "Api", "Api\Api.csproj", "{84BF4D8C-CDEA-4B4F-B559-B57ECD82ADA1}"
EndProject
Project("{2150E333-8FDC-42A3-9474-1A3956D46DE8}") = "Solution items", "Solution items", "{02EA681E-C7D8-13C7-8484-4AC65E1B71E8}"
	ProjectSection(SolutionItems) = preProject
		.gitignore = .gitignore
		.github\workflows\ci.yml = .github\workflows\ci.yml
		compose.yaml = compose.yaml
		.github\dependabot.yml = .github\dependabot.yml
		Directory.Packages.props = Directory.Packages.props
		.github\workflows\ontology-test.yml = .github\workflows\ontology-test.yml
		Ontology.ttl = Ontology.ttl
		PostSqliteExport.sql = PostSqliteExport.sql
		.github\workflows\publish.yml = .github\workflows\publish.yml
		README.md = README.md
		staging.http = staging.http
	EndProjectSection
EndProject
Project("{2150E333-8FDC-42A3-9474-1A3956D46DE8}") = "Tests", "Tests", "{31D45123-7C5B-41BC-9934-B2574F6D9792}"
	ProjectSection(SolutionItems) = preProject
		Tests\Directory.Packages.props = Tests\Directory.Packages.props
	EndProjectSection
EndProject
Project("{FAE04EC0-301F-11D3-BF4B-00C04F79EFBC}") = "Migration", "Migration\Migration.csproj", "{A7DD4606-6CD9-4CE3-9596-130B261AD2BD}"
EndProject
Project("{FAE04EC0-301F-11D3-BF4B-00C04F79EFBC}") = "Reconciliation", "Reconciliation\Reconciliation.csproj", "{68C61199-8012-4A05-9B10-CFAF2ECD7D94}"
EndProject
Project("{FAE04EC0-301F-11D3-BF4B-00C04F79EFBC}") = "Etl", "Etl\Etl.csproj", "{0B261BC0-86A1-4AB7-AACB-4E51A31A7B93}"
EndProject
Project("{FAE04EC0-301F-11D3-BF4B-00C04F79EFBC}") = "Staging", "Staging\Staging.csproj", "{48E592DD-2854-4973-8C97-C701F11B5E45}"
EndProject
Project("{FAE04EC0-301F-11D3-BF4B-00C04F79EFBC}") = "Rdf", "Rdf\Rdf.csproj", "{8319B273-2311-4810-BBFE-3A10DEE6EEE3}"
EndProject
Project("{FAE04EC0-301F-11D3-BF4B-00C04F79EFBC}") = "Dri", "Dri\Dri.csproj", "{CEE209B6-7D44-42C6-8401-D50E7C852469}"
EndProject
Project("{FAE04EC0-301F-11D3-BF4B-00C04F79EFBC}") = "Ontology.Tests", "Tests\Ontology.Tests\Ontology.Tests.csproj", "{70FC988C-C890-4EA2-B388-6D944FEB30F3}"
EndProject
Project("{FAE04EC0-301F-11D3-BF4B-00C04F79EFBC}") = "Dri.Tests", "Tests\Dri.Tests\Dri.Tests.csproj", "{81336E91-4833-428D-BACA-E6B371E25E5E}"
EndProject
Project("{FAE04EC0-301F-11D3-BF4B-00C04F79EFBC}") = "Rdf.Tests", "Tests\Rdf.Tests\Rdf.Tests.csproj", "{78FB1E75-1A14-4FD4-BD33-79EFD8F42036}"
EndProject
Project("{FAE04EC0-301F-11D3-BF4B-00C04F79EFBC}") = "Staging.Tests", "Tests\Staging.Tests\Staging.Tests.csproj", "{7A9A9356-210C-4DEA-890B-323D196C6FE9}"
EndProject
Project("{FAE04EC0-301F-11D3-BF4B-00C04F79EFBC}") = "Exporter", "Exporter\Exporter.csproj", "{D897555B-9EEA-4B4F-A68B-7A365C6CA471}"
EndProject
Project("{2150E333-8FDC-42A3-9474-1A3956D46DE8}") = "docs", "docs", "{30EF5BD8-79F6-46D9-9899-6D57735DAC52}"
	ProjectSection(SolutionItems) = preProject
		docs\etl-mapping.md = docs\etl-mapping.md
		docs\etl.md = docs\etl.md
		docs\export-json-schema.json = docs\export-json-schema.json
		docs\export-mapping.md = docs\export-mapping.md
		docs\export-wo-409.md = docs\export-wo-409.md
		docs\export.md = docs\export.md
		docs\reconciliation-mapping.md = docs\reconciliation-mapping.md
		docs\reconciliation.md = docs\reconciliation.md
	EndProjectSection
EndProject
Project("{FAE04EC0-301F-11D3-BF4B-00C04F79EFBC}") = "Etl.Tests", "Tests\Etl.Tests\Etl.Tests.csproj", "{2F6DDB78-06B6-4854-B208-08C097508F60}"
EndProject
Global
	GlobalSection(SolutionConfigurationPlatforms) = preSolution
		Debug|Any CPU = Debug|Any CPU
		Release|Any CPU = Release|Any CPU
	EndGlobalSection
	GlobalSection(ProjectConfigurationPlatforms) = postSolution
		{84BF4D8C-CDEA-4B4F-B559-B57ECD82ADA1}.Debug|Any CPU.ActiveCfg = Debug|Any CPU
		{84BF4D8C-CDEA-4B4F-B559-B57ECD82ADA1}.Debug|Any CPU.Build.0 = Debug|Any CPU
		{84BF4D8C-CDEA-4B4F-B559-B57ECD82ADA1}.Release|Any CPU.ActiveCfg = Release|Any CPU
		{84BF4D8C-CDEA-4B4F-B559-B57ECD82ADA1}.Release|Any CPU.Build.0 = Release|Any CPU
		{A7DD4606-6CD9-4CE3-9596-130B261AD2BD}.Debug|Any CPU.ActiveCfg = Debug|Any CPU
		{A7DD4606-6CD9-4CE3-9596-130B261AD2BD}.Debug|Any CPU.Build.0 = Debug|Any CPU
		{A7DD4606-6CD9-4CE3-9596-130B261AD2BD}.Release|Any CPU.ActiveCfg = Release|Any CPU
		{A7DD4606-6CD9-4CE3-9596-130B261AD2BD}.Release|Any CPU.Build.0 = Release|Any CPU
		{68C61199-8012-4A05-9B10-CFAF2ECD7D94}.Debug|Any CPU.ActiveCfg = Debug|Any CPU
		{68C61199-8012-4A05-9B10-CFAF2ECD7D94}.Debug|Any CPU.Build.0 = Debug|Any CPU
		{68C61199-8012-4A05-9B10-CFAF2ECD7D94}.Release|Any CPU.ActiveCfg = Release|Any CPU
		{68C61199-8012-4A05-9B10-CFAF2ECD7D94}.Release|Any CPU.Build.0 = Release|Any CPU
		{0B261BC0-86A1-4AB7-AACB-4E51A31A7B93}.Debug|Any CPU.ActiveCfg = Debug|Any CPU
		{0B261BC0-86A1-4AB7-AACB-4E51A31A7B93}.Debug|Any CPU.Build.0 = Debug|Any CPU
		{0B261BC0-86A1-4AB7-AACB-4E51A31A7B93}.Release|Any CPU.ActiveCfg = Release|Any CPU
		{0B261BC0-86A1-4AB7-AACB-4E51A31A7B93}.Release|Any CPU.Build.0 = Release|Any CPU
		{48E592DD-2854-4973-8C97-C701F11B5E45}.Debug|Any CPU.ActiveCfg = Debug|Any CPU
		{48E592DD-2854-4973-8C97-C701F11B5E45}.Debug|Any CPU.Build.0 = Debug|Any CPU
		{48E592DD-2854-4973-8C97-C701F11B5E45}.Release|Any CPU.ActiveCfg = Release|Any CPU
		{48E592DD-2854-4973-8C97-C701F11B5E45}.Release|Any CPU.Build.0 = Release|Any CPU
		{8319B273-2311-4810-BBFE-3A10DEE6EEE3}.Debug|Any CPU.ActiveCfg = Debug|Any CPU
		{8319B273-2311-4810-BBFE-3A10DEE6EEE3}.Debug|Any CPU.Build.0 = Debug|Any CPU
		{8319B273-2311-4810-BBFE-3A10DEE6EEE3}.Release|Any CPU.ActiveCfg = Release|Any CPU
		{8319B273-2311-4810-BBFE-3A10DEE6EEE3}.Release|Any CPU.Build.0 = Release|Any CPU
		{CEE209B6-7D44-42C6-8401-D50E7C852469}.Debug|Any CPU.ActiveCfg = Debug|Any CPU
		{CEE209B6-7D44-42C6-8401-D50E7C852469}.Debug|Any CPU.Build.0 = Debug|Any CPU
		{CEE209B6-7D44-42C6-8401-D50E7C852469}.Release|Any CPU.ActiveCfg = Release|Any CPU
		{CEE209B6-7D44-42C6-8401-D50E7C852469}.Release|Any CPU.Build.0 = Release|Any CPU
		{70FC988C-C890-4EA2-B388-6D944FEB30F3}.Debug|Any CPU.ActiveCfg = Debug|Any CPU
		{70FC988C-C890-4EA2-B388-6D944FEB30F3}.Debug|Any CPU.Build.0 = Debug|Any CPU
		{70FC988C-C890-4EA2-B388-6D944FEB30F3}.Release|Any CPU.ActiveCfg = Release|Any CPU
		{70FC988C-C890-4EA2-B388-6D944FEB30F3}.Release|Any CPU.Build.0 = Release|Any CPU
		{81336E91-4833-428D-BACA-E6B371E25E5E}.Debug|Any CPU.ActiveCfg = Debug|Any CPU
		{81336E91-4833-428D-BACA-E6B371E25E5E}.Debug|Any CPU.Build.0 = Debug|Any CPU
		{81336E91-4833-428D-BACA-E6B371E25E5E}.Release|Any CPU.ActiveCfg = Release|Any CPU
		{81336E91-4833-428D-BACA-E6B371E25E5E}.Release|Any CPU.Build.0 = Release|Any CPU
		{78FB1E75-1A14-4FD4-BD33-79EFD8F42036}.Debug|Any CPU.ActiveCfg = Debug|Any CPU
		{78FB1E75-1A14-4FD4-BD33-79EFD8F42036}.Debug|Any CPU.Build.0 = Debug|Any CPU
		{78FB1E75-1A14-4FD4-BD33-79EFD8F42036}.Release|Any CPU.ActiveCfg = Release|Any CPU
		{78FB1E75-1A14-4FD4-BD33-79EFD8F42036}.Release|Any CPU.Build.0 = Release|Any CPU
		{7A9A9356-210C-4DEA-890B-323D196C6FE9}.Debug|Any CPU.ActiveCfg = Debug|Any CPU
		{7A9A9356-210C-4DEA-890B-323D196C6FE9}.Debug|Any CPU.Build.0 = Debug|Any CPU
		{7A9A9356-210C-4DEA-890B-323D196C6FE9}.Release|Any CPU.ActiveCfg = Release|Any CPU
		{7A9A9356-210C-4DEA-890B-323D196C6FE9}.Release|Any CPU.Build.0 = Release|Any CPU
		{D897555B-9EEA-4B4F-A68B-7A365C6CA471}.Debug|Any CPU.ActiveCfg = Debug|Any CPU
		{D897555B-9EEA-4B4F-A68B-7A365C6CA471}.Debug|Any CPU.Build.0 = Debug|Any CPU
		{D897555B-9EEA-4B4F-A68B-7A365C6CA471}.Release|Any CPU.ActiveCfg = Release|Any CPU
		{D897555B-9EEA-4B4F-A68B-7A365C6CA471}.Release|Any CPU.Build.0 = Release|Any CPU
		{2F6DDB78-06B6-4854-B208-08C097508F60}.Debug|Any CPU.ActiveCfg = Debug|Any CPU
		{2F6DDB78-06B6-4854-B208-08C097508F60}.Debug|Any CPU.Build.0 = Debug|Any CPU
		{2F6DDB78-06B6-4854-B208-08C097508F60}.Release|Any CPU.ActiveCfg = Release|Any CPU
		{2F6DDB78-06B6-4854-B208-08C097508F60}.Release|Any CPU.Build.0 = Release|Any CPU
	EndGlobalSection
	GlobalSection(SolutionProperties) = preSolution
		HideSolutionNode = FALSE
	EndGlobalSection
	GlobalSection(NestedProjects) = preSolution
		{70FC988C-C890-4EA2-B388-6D944FEB30F3} = {31D45123-7C5B-41BC-9934-B2574F6D9792}
		{81336E91-4833-428D-BACA-E6B371E25E5E} = {31D45123-7C5B-41BC-9934-B2574F6D9792}
		{78FB1E75-1A14-4FD4-BD33-79EFD8F42036} = {31D45123-7C5B-41BC-9934-B2574F6D9792}
		{7A9A9356-210C-4DEA-890B-323D196C6FE9} = {31D45123-7C5B-41BC-9934-B2574F6D9792}
		{30EF5BD8-79F6-46D9-9899-6D57735DAC52} = {02EA681E-C7D8-13C7-8484-4AC65E1B71E8}
		{2F6DDB78-06B6-4854-B208-08C097508F60} = {31D45123-7C5B-41BC-9934-B2574F6D9792}
	EndGlobalSection
	GlobalSection(ExtensibilityGlobals) = postSolution
		SolutionGuid = {27E75E5F-DA13-4B25-8732-47D7924D00D4}
	EndGlobalSection
EndGlobal
