
Microsoft Visual Studio Solution File, Format Version 12.00
# Visual Studio Version 17
VisualStudioVersion = 17.14.36202.13
MinimumVisualStudioVersion = 10.0.40219.1
Project("{2150E333-8FDC-42A3-9474-1A3956D46DE8}") = "Solution items", "Solution items", "{02EA681E-C7D8-13C7-8484-4AC65E1B71E8}"
	ProjectSection(SolutionItems) = preProject
		.gitignore = .gitignore
		compose.yaml = compose.yaml
		.github\dependabot.yml = .github\dependabot.yml
		.github\workflows\ontology-test.yml = .github\workflows\ontology-test.yml
		Ontology.ttl = Ontology.ttl
		README.md = README.md
	EndProjectSection
EndProject
Project("{FAE04EC0-301F-11D3-BF4B-00C04F79EFBC}") = "Rdf.Tests", "Rdf.Tests\Rdf.Tests.csproj", "{50305A28-B2CE-4FE1-BFAE-E7B508B0DDED}"
EndProject
Global
	GlobalSection(SolutionConfigurationPlatforms) = preSolution
		Debug|Any CPU = Debug|Any CPU
		Release|Any CPU = Release|Any CPU
	EndGlobalSection
	GlobalSection(ProjectConfigurationPlatforms) = postSolution
		{50305A28-B2CE-4FE1-BFAE-E7B508B0DDED}.Debug|Any CPU.ActiveCfg = Debug|Any CPU
		{50305A28-B2CE-4FE1-BFAE-E7B508B0DDED}.Debug|Any CPU.Build.0 = Debug|Any CPU
		{50305A28-B2CE-4FE1-BFAE-E7B508B0DDED}.Release|Any CPU.ActiveCfg = Release|Any CPU
		{50305A28-B2CE-4FE1-BFAE-E7B508B0DDED}.Release|Any CPU.Build.0 = Release|Any CPU
	EndGlobalSection
	GlobalSection(SolutionProperties) = preSolution
		HideSolutionNode = FALSE
	EndGlobalSection
	GlobalSection(ExtensibilityGlobals) = postSolution
		SolutionGuid = {27E75E5F-DA13-4B25-8732-47D7924D00D4}
	EndGlobalSection
EndGlobal
